
Microsoft Visual Studio Solution File, Format Version 12.00
# Visual Studio Version 16
VisualStudioVersion = 16.0.29920.165
MinimumVisualStudioVersion = 10.0.40219.1
Project("{FAE04EC0-301F-11D3-BF4B-00C04F79EFBC}") = "ThirdStream", "ThirdStream.csproj", "{B5AFD9A9-50CF-4761-A887-40CC167EF48B}"
EndProject
Project("{FAE04EC0-301F-11D3-BF4B-00C04F79EFBC}") = "UnitTestProject1", "..\UnitTestProject1\UnitTestProject1.csproj", "{49C5B24D-3E98-4042-BBE2-F2E0F755B522}"
EndProject
Global
	GlobalSection(SolutionConfigurationPlatforms) = preSolution
		Debug|Any CPU = Debug|Any CPU
		Release|Any CPU = Release|Any CPU
	EndGlobalSection
	GlobalSection(ProjectConfigurationPlatforms) = postSolution
		{B5AFD9A9-50CF-4761-A887-40CC167EF48B}.Debug|Any CPU.ActiveCfg = Debug|Any CPU
		{B5AFD9A9-50CF-4761-A887-40CC167EF48B}.Debug|Any CPU.Build.0 = Debug|Any CPU
		{B5AFD9A9-50CF-4761-A887-40CC167EF48B}.Release|Any CPU.ActiveCfg = Release|Any CPU
		{B5AFD9A9-50CF-4761-A887-40CC167EF48B}.Release|Any CPU.Build.0 = Release|Any CPU
		{49C5B24D-3E98-4042-BBE2-F2E0F755B522}.Debug|Any CPU.ActiveCfg = Debug|Any CPU
		{49C5B24D-3E98-4042-BBE2-F2E0F755B522}.Debug|Any CPU.Build.0 = Debug|Any CPU
		{49C5B24D-3E98-4042-BBE2-F2E0F755B522}.Release|Any CPU.ActiveCfg = Release|Any CPU
		{49C5B24D-3E98-4042-BBE2-F2E0F755B522}.Release|Any CPU.Build.0 = Release|Any CPU
	EndGlobalSection
	GlobalSection(SolutionProperties) = preSolution
		HideSolutionNode = FALSE
	EndGlobalSection
	GlobalSection(ExtensibilityGlobals) = postSolution
		SolutionGuid = {03AA7491-C4B0-495C-A33F-386146C787A0}
	EndGlobalSection
EndGlobal
